
Microsoft Visual Studio Solution File, Format Version 12.00
# Visual Studio Version 17
VisualStudioVersion = 17.0.32014.148
MinimumVisualStudioVersion = 10.0.40219.1
Project("{FAE04EC0-301F-11D3-BF4B-00C04F79EFBC}") = "MW CAR SALES SITE MVC+EF CORE DB FIRST", "MW CAR SALES SITE MVC+EF CORE DB FIRST\MW CAR SALES SITE MVC+EF CORE DB FIRST.csproj", "{EAD372FD-610E-4BC4-8F5A-839EE5C046F4}"
EndProject
Global
	GlobalSection(SolutionConfigurationPlatforms) = preSolution
		Debug|Any CPU = Debug|Any CPU
		Release|Any CPU = Release|Any CPU
	EndGlobalSection
	GlobalSection(ProjectConfigurationPlatforms) = postSolution
		{EAD372FD-610E-4BC4-8F5A-839EE5C046F4}.Debug|Any CPU.ActiveCfg = Debug|Any CPU
		{EAD372FD-610E-4BC4-8F5A-839EE5C046F4}.Debug|Any CPU.Build.0 = Debug|Any CPU
		{EAD372FD-610E-4BC4-8F5A-839EE5C046F4}.Release|Any CPU.ActiveCfg = Release|Any CPU
		{EAD372FD-610E-4BC4-8F5A-839EE5C046F4}.Release|Any CPU.Build.0 = Release|Any CPU
	EndGlobalSection
	GlobalSection(SolutionProperties) = preSolution
		HideSolutionNode = FALSE
	EndGlobalSection
	GlobalSection(ExtensibilityGlobals) = postSolution
		SolutionGuid = {54B375AF-D6D8-4792-AA94-8C0A1AE1A815}
	EndGlobalSection
EndGlobal
